
Microsoft Visual Studio Solution File, Format Version 12.00
# Visual Studio Version 16
VisualStudioVersion = 16.0.32802.440
MinimumVisualStudioVersion = 10.0.40219.1
Project("{8BC9CEB8-8B4A-11D0-8D11-00A0C91BC942}") = "P34", "P34\P34.vcxproj", "{629F2809-C422-4229-A8B8-507D4DDBBCE0}"
EndProject
Global
	GlobalSection(SolutionConfigurationPlatforms) = preSolution
		Debug|x64 = Debug|x64
		Debug|x86 = Debug|x86
		Release|x64 = Release|x64
		Release|x86 = Release|x86
	EndGlobalSection
	GlobalSection(ProjectConfigurationPlatforms) = postSolution
		{629F2809-C422-4229-A8B8-507D4DDBBCE0}.Debug|x64.ActiveCfg = Debug|x64
		{629F2809-C422-4229-A8B8-507D4DDBBCE0}.Debug|x64.Build.0 = Debug|x64
		{629F2809-C422-4229-A8B8-507D4DDBBCE0}.Debug|x86.ActiveCfg = Debug|Win32
		{629F2809-C422-4229-A8B8-507D4DDBBCE0}.Debug|x86.Build.0 = Debug|Win32
		{629F2809-C422-4229-A8B8-507D4DDBBCE0}.Release|x64.ActiveCfg = Release|x64
		{629F2809-C422-4229-A8B8-507D4DDBBCE0}.Release|x64.Build.0 = Release|x64
		{629F2809-C422-4229-A8B8-507D4DDBBCE0}.Release|x86.ActiveCfg = Release|Win32
		{629F2809-C422-4229-A8B8-507D4DDBBCE0}.Release|x86.Build.0 = Release|Win32
	EndGlobalSection
	GlobalSection(SolutionProperties) = preSolution
		HideSolutionNode = FALSE
	EndGlobalSection
	GlobalSection(ExtensibilityGlobals) = postSolution
		SolutionGuid = {13AE914E-C7DA-4CA1-9F4C-103541C640E2}
	EndGlobalSection
EndGlobal
